
Microsoft Visual Studio Solution File, Format Version 12.00
# Visual Studio 15
VisualStudioVersion = 15.0.28307.421
MinimumVisualStudioVersion = 10.0.40219.1
Project("{FAE04EC0-301F-11D3-BF4B-00C04F79EFBC}") = "AdoNet_HW_7", "AdoNet_HW_7\AdoNet_HW_7.csproj", "{17672316-5AB2-4A3E-959F-80B759752240}"
EndProject
Global
	GlobalSection(SolutionConfigurationPlatforms) = preSolution
		Debug|Any CPU = Debug|Any CPU
		Release|Any CPU = Release|Any CPU
	EndGlobalSection
	GlobalSection(ProjectConfigurationPlatforms) = postSolution
		{17672316-5AB2-4A3E-959F-80B759752240}.Debug|Any CPU.ActiveCfg = Debug|Any CPU
		{17672316-5AB2-4A3E-959F-80B759752240}.Debug|Any CPU.Build.0 = Debug|Any CPU
		{17672316-5AB2-4A3E-959F-80B759752240}.Release|Any CPU.ActiveCfg = Release|Any CPU
		{17672316-5AB2-4A3E-959F-80B759752240}.Release|Any CPU.Build.0 = Release|Any CPU
	EndGlobalSection
	GlobalSection(SolutionProperties) = preSolution
		HideSolutionNode = FALSE
	EndGlobalSection
	GlobalSection(ExtensibilityGlobals) = postSolution
		SolutionGuid = {F616828B-21FB-446B-A65A-DE2354FF50F9}
	EndGlobalSection
EndGlobal
